
Microsoft Visual Studio Solution File, Format Version 12.00
# Visual Studio 14
VisualStudioVersion = 14.0.25420.1
MinimumVisualStudioVersion = 10.0.40219.1
Project("{FAE04EC0-301F-11D3-BF4B-00C04F79EFBC}") = "App1.Android", "App1\App1.Android\App1.Android.csproj", "{3E1438EC-8F67-4B5C-84EC-AD3BE14528B9}"
EndProject
Project("{FAE04EC0-301F-11D3-BF4B-00C04F79EFBC}") = "App1", "App1\App1\App1.csproj", "{4141B5B7-7B6F-458B-A690-7005BF08F780}"
EndProject
Project("{FAE04EC0-301F-11D3-BF4B-00C04F79EFBC}") = "App1.iOS", "App1\App1.iOS\App1.iOS.csproj", "{4EFF3C25-6328-48AB-B693-DAFA41AF727A}"
EndProject
Global
	GlobalSection(SolutionConfigurationPlatforms) = preSolution
		Ad-Hoc|Any CPU = Ad-Hoc|Any CPU
		Ad-Hoc|iPhone = Ad-Hoc|iPhone
		Ad-Hoc|iPhoneSimulator = Ad-Hoc|iPhoneSimulator
		AppStore|Any CPU = AppStore|Any CPU
		AppStore|iPhone = AppStore|iPhone
		AppStore|iPhoneSimulator = AppStore|iPhoneSimulator
		Debug|Any CPU = Debug|Any CPU
		Debug|iPhone = Debug|iPhone
		Debug|iPhoneSimulator = Debug|iPhoneSimulator
		Release|Any CPU = Release|Any CPU
		Release|iPhone = Release|iPhone
		Release|iPhoneSimulator = Release|iPhoneSimulator
	EndGlobalSection
	GlobalSection(ProjectConfigurationPlatforms) = postSolution
		{3E1438EC-8F67-4B5C-84EC-AD3BE14528B9}.Ad-Hoc|Any CPU.ActiveCfg = Release|Any CPU
		{3E1438EC-8F67-4B5C-84EC-AD3BE14528B9}.Ad-Hoc|Any CPU.Build.0 = Release|Any CPU
		{3E1438EC-8F67-4B5C-84EC-AD3BE14528B9}.Ad-Hoc|Any CPU.Deploy.0 = Release|Any CPU
		{3E1438EC-8F67-4B5C-84EC-AD3BE14528B9}.Ad-Hoc|iPhone.ActiveCfg = Release|Any CPU
		{3E1438EC-8F67-4B5C-84EC-AD3BE14528B9}.Ad-Hoc|iPhone.Build.0 = Release|Any CPU
		{3E1438EC-8F67-4B5C-84EC-AD3BE14528B9}.Ad-Hoc|iPhone.Deploy.0 = Release|Any CPU
		{3E1438EC-8F67-4B5C-84EC-AD3BE14528B9}.Ad-Hoc|iPhoneSimulator.ActiveCfg = Release|Any CPU
		{3E1438EC-8F67-4B5C-84EC-AD3BE14528B9}.Ad-Hoc|iPhoneSimulator.Build.0 = Release|Any CPU
		{3E1438EC-8F67-4B5C-84EC-AD3BE14528B9}.Ad-Hoc|iPhoneSimulator.Deploy.0 = Release|Any CPU
		{3E1438EC-8F67-4B5C-84EC-AD3BE14528B9}.AppStore|Any CPU.ActiveCfg = Release|Any CPU
		{3E1438EC-8F67-4B5C-84EC-AD3BE14528B9}.AppStore|Any CPU.Build.0 = Release|Any CPU
		{3E1438EC-8F67-4B5C-84EC-AD3BE14528B9}.AppStore|Any CPU.Deploy.0 = Release|Any CPU
		{3E1438EC-8F67-4B5C-84EC-AD3BE14528B9}.AppStore|iPhone.ActiveCfg = Release|Any CPU
		{3E1438EC-8F67-4B5C-84EC-AD3BE14528B9}.AppStore|iPhone.Build.0 = Release|Any CPU
		{3E1438EC-8F67-4B5C-84EC-AD3BE14528B9}.AppStore|iPhone.Deploy.0 = Release|Any CPU
		{3E1438EC-8F67-4B5C-84EC-AD3BE14528B9}.AppStore|iPhoneSimulator.ActiveCfg = Release|Any CPU
		{3E1438EC-8F67-4B5C-84EC-AD3BE14528B9}.AppStore|iPhoneSimulator.Build.0 = Release|Any CPU
		{3E1438EC-8F67-4B5C-84EC-AD3BE14528B9}.AppStore|iPhoneSimulator.Deploy.0 = Release|Any CPU
		{3E1438EC-8F67-4B5C-84EC-AD3BE14528B9}.Debug|Any CPU.ActiveCfg = Debug|Any CPU
		{3E1438EC-8F67-4B5C-84EC-AD3BE14528B9}.Debug|Any CPU.Build.0 = Debug|Any CPU
		{3E1438EC-8F67-4B5C-84EC-AD3BE14528B9}.Debug|Any CPU.Deploy.0 = Debug|Any CPU
		{3E1438EC-8F67-4B5C-84EC-AD3BE14528B9}.Debug|iPhone.ActiveCfg = Debug|Any CPU
		{3E1438EC-8F67-4B5C-84EC-AD3BE14528B9}.Debug|iPhone.Build.0 = Debug|Any CPU
		{3E1438EC-8F67-4B5C-84EC-AD3BE14528B9}.Debug|iPhone.Deploy.0 = Debug|Any CPU
		{3E1438EC-8F67-4B5C-84EC-AD3BE14528B9}.Debug|iPhoneSimulator.ActiveCfg = Debug|Any CPU
		{3E1438EC-8F67-4B5C-84EC-AD3BE14528B9}.Debug|iPhoneSimulator.Build.0 = Debug|Any CPU
		{3E1438EC-8F67-4B5C-84EC-AD3BE14528B9}.Debug|iPhoneSimulator.Deploy.0 = Debug|Any CPU
		{3E1438EC-8F67-4B5C-84EC-AD3BE14528B9}.Release|Any CPU.ActiveCfg = Release|Any CPU
		{3E1438EC-8F67-4B5C-84EC-AD3BE14528B9}.Release|Any CPU.Build.0 = Release|Any CPU
		{3E1438EC-8F67-4B5C-84EC-AD3BE14528B9}.Release|Any CPU.Deploy.0 = Release|Any CPU
		{3E1438EC-8F67-4B5C-84EC-AD3BE14528B9}.Release|iPhone.ActiveCfg = Release|Any CPU
		{3E1438EC-8F67-4B5C-84EC-AD3BE14528B9}.Release|iPhone.Build.0 = Release|Any CPU
		{3E1438EC-8F67-4B5C-84EC-AD3BE14528B9}.Release|iPhone.Deploy.0 = Release|Any CPU
		{3E1438EC-8F67-4B5C-84EC-AD3BE14528B9}.Release|iPhoneSimulator.ActiveCfg = Release|Any CPU
		{3E1438EC-8F67-4B5C-84EC-AD3BE14528B9}.Release|iPhoneSimulator.Build.0 = Release|Any CPU
		{3E1438EC-8F67-4B5C-84EC-AD3BE14528B9}.Release|iPhoneSimulator.Deploy.0 = Release|Any CPU
		{4141B5B7-7B6F-458B-A690-7005BF08F780}.Ad-Hoc|Any CPU.ActiveCfg = Release|Any CPU
		{4141B5B7-7B6F-458B-A690-7005BF08F780}.Ad-Hoc|Any CPU.Build.0 = Release|Any CPU
		{4141B5B7-7B6F-458B-A690-7005BF08F780}.Ad-Hoc|Any CPU.Deploy.0 = Release|Any CPU
		{4141B5B7-7B6F-458B-A690-7005BF08F780}.Ad-Hoc|iPhone.ActiveCfg = Release|Any CPU
		{4141B5B7-7B6F-458B-A690-7005BF08F780}.Ad-Hoc|iPhone.Build.0 = Release|Any CPU
		{4141B5B7-7B6F-458B-A690-7005BF08F780}.Ad-Hoc|iPhone.Deploy.0 = Release|Any CPU
		{4141B5B7-7B6F-458B-A690-7005BF08F780}.Ad-Hoc|iPhoneSimulator.ActiveCfg = Release|Any CPU
		{4141B5B7-7B6F-458B-A690-7005BF08F780}.Ad-Hoc|iPhoneSimulator.Build.0 = Release|Any CPU
		{4141B5B7-7B6F-458B-A690-7005BF08F780}.Ad-Hoc|iPhoneSimulator.Deploy.0 = Release|Any CPU
		{4141B5B7-7B6F-458B-A690-7005BF08F780}.AppStore|Any CPU.ActiveCfg = Release|Any CPU
		{4141B5B7-7B6F-458B-A690-7005BF08F780}.AppStore|Any CPU.Build.0 = Release|Any CPU
		{4141B5B7-7B6F-458B-A690-7005BF08F780}.AppStore|Any CPU.Deploy.0 = Release|Any CPU
		{4141B5B7-7B6F-458B-A690-7005BF08F780}.AppStore|iPhone.ActiveCfg = Release|Any CPU
		{4141B5B7-7B6F-458B-A690-7005BF08F780}.AppStore|iPhone.Build.0 = Release|Any CPU
		{4141B5B7-7B6F-458B-A690-7005BF08F780}.AppStore|iPhone.Deploy.0 = Release|Any CPU
		{4141B5B7-7B6F-458B-A690-7005BF08F780}.AppStore|iPhoneSimulator.ActiveCfg = Release|Any CPU
		{4141B5B7-7B6F-458B-A690-7005BF08F780}.AppStore|iPhoneSimulator.Build.0 = Release|Any CPU
		{4141B5B7-7B6F-458B-A690-7005BF08F780}.AppStore|iPhoneSimulator.Deploy.0 = Release|Any CPU
		{4141B5B7-7B6F-458B-A690-7005BF08F780}.Debug|Any CPU.ActiveCfg = Debug|Any CPU
		{4141B5B7-7B6F-458B-A690-7005BF08F780}.Debug|Any CPU.Build.0 = Debug|Any CPU
		{4141B5B7-7B6F-458B-A690-7005BF08F780}.Debug|Any CPU.Deploy.0 = Debug|Any CPU
		{4141B5B7-7B6F-458B-A690-7005BF08F780}.Debug|iPhone.ActiveCfg = Debug|Any CPU
		{4141B5B7-7B6F-458B-A690-7005BF08F780}.Debug|iPhone.Build.0 = Debug|Any CPU
		{4141B5B7-7B6F-458B-A690-7005BF08F780}.Debug|iPhone.Deploy.0 = Debug|Any CPU
		{4141B5B7-7B6F-458B-A690-7005BF08F780}.Debug|iPhoneSimulator.ActiveCfg = Debug|Any CPU
		{4141B5B7-7B6F-458B-A690-7005BF08F780}.Debug|iPhoneSimulator.Build.0 = Debug|Any CPU
		{4141B5B7-7B6F-458B-A690-7005BF08F780}.Debug|iPhoneSimulator.Deploy.0 = Debug|Any CPU
		{4141B5B7-7B6F-458B-A690-7005BF08F780}.Release|Any CPU.ActiveCfg = Release|Any CPU
		{4141B5B7-7B6F-458B-A690-7005BF08F780}.Release|Any CPU.Build.0 = Release|Any CPU
		{4141B5B7-7B6F-458B-A690-7005BF08F780}.Release|Any CPU.Deploy.0 = Release|Any CPU
		{4141B5B7-7B6F-458B-A690-7005BF08F780}.Release|iPhone.ActiveCfg = Release|Any CPU
		{4141B5B7-7B6F-458B-A690-7005BF08F780}.Release|iPhone.Build.0 = Release|Any CPU
		{4141B5B7-7B6F-458B-A690-7005BF08F780}.Release|iPhone.Deploy.0 = Release|Any CPU
		{4141B5B7-7B6F-458B-A690-7005BF08F780}.Release|iPhoneSimulator.ActiveCfg = Release|Any CPU
		{4141B5B7-7B6F-458B-A690-7005BF08F780}.Release|iPhoneSimulator.Build.0 = Release|Any CPU
		{4141B5B7-7B6F-458B-A690-7005BF08F780}.Release|iPhoneSimulator.Deploy.0 = Release|Any CPU
		{4EFF3C25-6328-48AB-B693-DAFA41AF727A}.Ad-Hoc|Any CPU.ActiveCfg = Ad-Hoc|iPhone
		{4EFF3C25-6328-48AB-B693-DAFA41AF727A}.Ad-Hoc|Any CPU.Build.0 = Ad-Hoc|iPhone
		{4EFF3C25-6328-48AB-B693-DAFA41AF727A}.Ad-Hoc|Any CPU.Deploy.0 = Ad-Hoc|iPhone
		{4EFF3C25-6328-48AB-B693-DAFA41AF727A}.Ad-Hoc|iPhone.ActiveCfg = Ad-Hoc|iPhone
		{4EFF3C25-6328-48AB-B693-DAFA41AF727A}.Ad-Hoc|iPhone.Build.0 = Ad-Hoc|iPhone
		{4EFF3C25-6328-48AB-B693-DAFA41AF727A}.Ad-Hoc|iPhone.Deploy.0 = Ad-Hoc|iPhone
		{4EFF3C25-6328-48AB-B693-DAFA41AF727A}.Ad-Hoc|iPhoneSimulator.ActiveCfg = Ad-Hoc|iPhoneSimulator
		{4EFF3C25-6328-48AB-B693-DAFA41AF727A}.Ad-Hoc|iPhoneSimulator.Build.0 = Ad-Hoc|iPhoneSimulator
		{4EFF3C25-6328-48AB-B693-DAFA41AF727A}.Ad-Hoc|iPhoneSimulator.Deploy.0 = Ad-Hoc|iPhoneSimulator
		{4EFF3C25-6328-48AB-B693-DAFA41AF727A}.AppStore|Any CPU.ActiveCfg = AppStore|iPhone
		{4EFF3C25-6328-48AB-B693-DAFA41AF727A}.AppStore|Any CPU.Build.0 = AppStore|iPhone
		{4EFF3C25-6328-48AB-B693-DAFA41AF727A}.AppStore|Any CPU.Deploy.0 = AppStore|iPhone
		{4EFF3C25-6328-48AB-B693-DAFA41AF727A}.AppStore|iPhone.ActiveCfg = AppStore|iPhone
		{4EFF3C25-6328-48AB-B693-DAFA41AF727A}.AppStore|iPhone.Build.0 = AppStore|iPhone
		{4EFF3C25-6328-48AB-B693-DAFA41AF727A}.AppStore|iPhone.Deploy.0 = AppStore|iPhone
		{4EFF3C25-6328-48AB-B693-DAFA41AF727A}.AppStore|iPhoneSimulator.ActiveCfg = AppStore|iPhoneSimulator
		{4EFF3C25-6328-48AB-B693-DAFA41AF727A}.AppStore|iPhoneSimulator.Build.0 = AppStore|iPhoneSimulator
		{4EFF3C25-6328-48AB-B693-DAFA41AF727A}.AppStore|iPhoneSimulator.Deploy.0 = AppStore|iPhoneSimulator
		{4EFF3C25-6328-48AB-B693-DAFA41AF727A}.Debug|Any CPU.ActiveCfg = Debug|iPhoneSimulator
		{4EFF3C25-6328-48AB-B693-DAFA41AF727A}.Debug|Any CPU.Build.0 = Debug|iPhoneSimulator
		{4EFF3C25-6328-48AB-B693-DAFA41AF727A}.Debug|Any CPU.Deploy.0 = Debug|iPhoneSimulator
		{4EFF3C25-6328-48AB-B693-DAFA41AF727A}.Debug|iPhone.ActiveCfg = Debug|iPhone
		{4EFF3C25-6328-48AB-B693-DAFA41AF727A}.Debug|iPhone.Build.0 = Debug|iPhone
		{4EFF3C25-6328-48AB-B693-DAFA41AF727A}.Debug|iPhone.Deploy.0 = Debug|iPhone
		{4EFF3C25-6328-48AB-B693-DAFA41AF727A}.Debug|iPhoneSimulator.ActiveCfg = Debug|iPhoneSimulator
		{4EFF3C25-6328-48AB-B693-DAFA41AF727A}.Debug|iPhoneSimulator.Build.0 = Debug|iPhoneSimulator
		{4EFF3C25-6328-48AB-B693-DAFA41AF727A}.Debug|iPhoneSimulator.Deploy.0 = Debug|iPhoneSimulator
		{4EFF3C25-6328-48AB-B693-DAFA41AF727A}.Release|Any CPU.ActiveCfg = Release|iPhone
		{4EFF3C25-6328-48AB-B693-DAFA41AF727A}.Release|Any CPU.Build.0 = Release|iPhone
		{4EFF3C25-6328-48AB-B693-DAFA41AF727A}.Release|Any CPU.Deploy.0 = Release|iPhone
		{4EFF3C25-6328-48AB-B693-DAFA41AF727A}.Release|iPhone.ActiveCfg = Release|iPhone
		{4EFF3C25-6328-48AB-B693-DAFA41AF727A}.Release|iPhone.Build.0 = Release|iPhone
		{4EFF3C25-6328-48AB-B693-DAFA41AF727A}.Release|iPhone.Deploy.0 = Release|iPhone
		{4EFF3C25-6328-48AB-B693-DAFA41AF727A}.Release|iPhoneSimulator.ActiveCfg = Release|iPhoneSimulator
		{4EFF3C25-6328-48AB-B693-DAFA41AF727A}.Release|iPhoneSimulator.Build.0 = Release|iPhoneSimulator
		{4EFF3C25-6328-48AB-B693-DAFA41AF727A}.Release|iPhoneSimulator.Deploy.0 = Release|iPhoneSimulator
	EndGlobalSection
	GlobalSection(SolutionProperties) = preSolution
		HideSolutionNode = FALSE
	EndGlobalSection
EndGlobal
